// !$*UTF8*$!
{
	archiveVersion = 1;
	classes = {
	};
	objectVersion = 77;
	objects = {

/* Begin PBXBuildFile section */
		ABA03F622D1008BC00F35E1B /* FirebaseAuth in Frameworks */ = {isa = PBXBuildFile; productRef = ABA03F612D1008BC00F35E1B /* FirebaseAuth */; };
		ABA03F642D1008BC00F35E1B /* FirebaseFirestore in Frameworks */ = {isa = PBXBuildFile; productRef = ABA03F632D1008BC00F35E1B /* FirebaseFirestore */; };
		ABA03F662D1008BC00F35E1B /* FirebaseStorage in Frameworks */ = {isa = PBXBuildFile; productRef = ABA03F652D1008BC00F35E1B /* FirebaseStorage */; };
/* End PBXBuildFile section */

/* Begin PBXContainerItemProxy section */
		ABA03EE72D0EECDE00F35E1B /* PBXContainerItemProxy */ = {
			isa = PBXContainerItemProxy;
			containerPortal = ABA03ECC2D0EECDC00F35E1B /* Project object */;
			proxyType = 1;
			remoteGlobalIDString = ABA03ED32D0EECDC00F35E1B;
			remoteInfo = ConnectMe;
		};
		ABA03EF12D0EECDE00F35E1B /* PBXContainerItemProxy */ = {
			isa = PBXContainerItemProxy;
			containerPortal = ABA03ECC2D0EECDC00F35E1B /* Project object */;
			proxyType = 1;
			remoteGlobalIDString = ABA03ED32D0EECDC00F35E1B;
			remoteInfo = ConnectMe;
		};
/* End PBXContainerItemProxy section */

/* Begin PBXFileReference section */
		ABA03ED42D0EECDC00F35E1B /* ConnectMe.app */ = {isa = PBXFileReference; explicitFileType = wrapper.application; includeInIndex = 0; path = ConnectMe.app; sourceTree = BUILT_PRODUCTS_DIR; };
		ABA03EE62D0EECDE00F35E1B /* ConnectMeTests.xctest */ = {isa = PBXFileReference; explicitFileType = wrapper.cfbundle; includeInIndex = 0; path = ConnectMeTests.xctest; sourceTree = BUILT_PRODUCTS_DIR; };
		ABA03EF02D0EECDE00F35E1B /* ConnectMeUITests.xctest */ = {isa = PBXFileReference; explicitFileType = wrapper.cfbundle; includeInIndex = 0; path = ConnectMeUITests.xctest; sourceTree = BUILT_PRODUCTS_DIR; };
/* End PBXFileReference section */

/* Begin PBXFileSystemSynchronizedBuildFileExceptionSet section */
		ABA03F5E2D10077400F35E1B /* Exceptions for "ConnectMe" folder in "ConnectMeTests" target */ = {
			isa = PBXFileSystemSynchronizedBuildFileExceptionSet;
			membershipExceptions = (
				"Resources/GoogleService-Info.plist",
			);
			target = ABA03EE52D0EECDE00F35E1B /* ConnectMeTests */;
		};
		ABA03F5F2D10077400F35E1B /* Exceptions for "ConnectMe" folder in "ConnectMeUITests" target */ = {
			isa = PBXFileSystemSynchronizedBuildFileExceptionSet;
			membershipExceptions = (
				"Resources/GoogleService-Info.plist",
			);
			target = ABA03EEF2D0EECDE00F35E1B /* ConnectMeUITests */;
		};
/* End PBXFileSystemSynchronizedBuildFileExceptionSet section */

/* Begin PBXFileSystemSynchronizedRootGroup section */
		ABA03ED62D0EECDC00F35E1B /* ConnectMe */ = {
			isa = PBXFileSystemSynchronizedRootGroup;
			exceptions = (
				ABA03F5E2D10077400F35E1B /* Exceptions for "ConnectMe" folder in "ConnectMeTests" target */,
				ABA03F5F2D10077400F35E1B /* Exceptions for "ConnectMe" folder in "ConnectMeUITests" target */,
			);
			path = ConnectMe;
			sourceTree = "<group>";
		};
		ABA03EE92D0EECDE00F35E1B /* ConnectMeTests */ = {
			isa = PBXFileSystemSynchronizedRootGroup;
			path = ConnectMeTests;
			sourceTree = "<group>";
		};
		ABA03EF32D0EECDE00F35E1B /* ConnectMeUITests */ = {
			isa = PBXFileSystemSynchronizedRootGroup;
			path = ConnectMeUITests;
			sourceTree = "<group>";
		};
/* End PBXFileSystemSynchronizedRootGroup section */

/* Begin PBXFrameworksBuildPhase section */
		ABA03ED12D0EECDC00F35E1B /* Frameworks */ = {
			isa = PBXFrameworksBuildPhase;
			buildActionMask = 2147483647;
			files = (
				ABA03F622D1008BC00F35E1B /* FirebaseAuth in Frameworks */,
				ABA03F642D1008BC00F35E1B /* FirebaseFirestore in Frameworks */,
				ABA03F662D1008BC00F35E1B /* FirebaseStorage in Frameworks */,
			);
			runOnlyForDeploymentPostprocessing = 0;
		};
		ABA03EE32D0EECDE00F35E1B /* Frameworks */ = {
			isa = PBXFrameworksBuildPhase;
			buildActionMask = 2147483647;
			files = (
			);
			runOnlyForDeploymentPostprocessing = 0;
		};
		ABA03EED2D0EECDE00F35E1B /* Frameworks */ = {
			isa = PBXFrameworksBuildPhase;
			buildActionMask = 2147483647;
			files = (
			);
			runOnlyForDeploymentPostprocessing = 0;
		};
/* End PBXFrameworksBuildPhase section */

/* Begin PBXGroup section */
		ABA03ECB2D0EECDC00F35E1B = {
			isa = PBXGroup;
			children = (
				ABA03ED62D0EECDC00F35E1B /* ConnectMe */,
				ABA03EE92D0EECDE00F35E1B /* ConnectMeTests */,
				ABA03EF32D0EECDE00F35E1B /* ConnectMeUITests */,
				ABA03ED52D0EECDC00F35E1B /* Products */,
			);
			sourceTree = "<group>";
		};
		ABA03ED52D0EECDC00F35E1B /* Products */ = {
			isa = PBXGroup;
			children = (
				ABA03ED42D0EECDC00F35E1B /* ConnectMe.app */,
				ABA03EE62D0EECDE00F35E1B /* ConnectMeTests.xctest */,
				ABA03EF02D0EECDE00F35E1B /* ConnectMeUITests.xctest */,
			);
			name = Products;
			sourceTree = "<group>";
		};
/* End PBXGroup section */

/* Begin PBXNativeTarget section */
		ABA03ED32D0EECDC00F35E1B /* ConnectMe */ = {
			isa = PBXNativeTarget;
			buildConfigurationList = ABA03EFA2D0EECDE00F35E1B /* Build configuration list for PBXNativeTarget "ConnectMe" */;
			buildPhases = (
				ABA03ED02D0EECDC00F35E1B /* Sources */,
				ABA03ED12D0EECDC00F35E1B /* Frameworks */,
				ABA03ED22D0EECDC00F35E1B /* Resources */,
			);
			buildRules = (
			);
			dependencies = (
			);
			fileSystemSynchronizedGroups = (
				ABA03ED62D0EECDC00F35E1B /* ConnectMe */,
			);
			name = ConnectMe;
			packageProductDependencies = (
				ABA03F612D1008BC00F35E1B /* FirebaseAuth */,
				ABA03F632D1008BC00F35E1B /* FirebaseFirestore */,
				ABA03F652D1008BC00F35E1B /* FirebaseStorage */,
			);
			productName = ConnectMe;
			productReference = ABA03ED42D0EECDC00F35E1B /* ConnectMe.app */;
			productType = "com.apple.product-type.application";
		};
		ABA03EE52D0EECDE00F35E1B /* ConnectMeTests */ = {
			isa = PBXNativeTarget;
			buildConfigurationList = ABA03EFD2D0EECDE00F35E1B /* Build configuration list for PBXNativeTarget "ConnectMeTests" */;
			buildPhases = (
				ABA03EE22D0EECDE00F35E1B /* Sources */,
				ABA03EE32D0EECDE00F35E1B /* Frameworks */,
				ABA03EE42D0EECDE00F35E1B /* Resources */,
			);
			buildRules = (
			);
			dependencies = (
				ABA03EE82D0EECDE00F35E1B /* PBXTargetDependency */,
			);
			fileSystemSynchronizedGroups = (
				ABA03EE92D0EECDE00F35E1B /* ConnectMeTests */,
			);
			name = ConnectMeTests;
			packageProductDependencies = (
			);
			productName = ConnectMeTests;
			productReference = ABA03EE62D0EECDE00F35E1B /* ConnectMeTests.xctest */;
			productType = "com.apple.product-type.bundle.unit-test";
		};
		ABA03EEF2D0EECDE00F35E1B /* ConnectMeUITests */ = {
			isa = PBXNativeTarget;
			buildConfigurationList = ABA03F002D0EECDE00F35E1B /* Build configuration list for PBXNativeTarget "ConnectMeUITests" */;
			buildPhases = (
				ABA03EEC2D0EECDE00F35E1B /* Sources */,
				ABA03EED2D0EECDE00F35E1B /* Frameworks */,
				ABA03EEE2D0EECDE00F35E1B /* Resources */,
			);
			buildRules = (
			);
			dependencies = (
				ABA03EF22D0EECDE00F35E1B /* PBXTargetDependency */,
			);
			fileSystemSynchronizedGroups = (
				ABA03EF32D0EECDE00F35E1B /* ConnectMeUITests */,
			);
			name = ConnectMeUITests;
			packageProductDependencies = (
			);
			productName = ConnectMeUITests;
			productReference = ABA03EF02D0EECDE00F35E1B /* ConnectMeUITests.xctest */;
			productType = "com.apple.product-type.bundle.ui-testing";
		};
/* End PBXNativeTarget section */

/* Begin PBXProject section */
		ABA03ECC2D0EECDC00F35E1B /* Project object */ = {
			isa = PBXProject;
			attributes = {
				BuildIndependentTargetsInParallel = 1;
				LastSwiftUpdateCheck = 1620;
				LastUpgradeCheck = 1620;
				TargetAttributes = {
					ABA03ED32D0EECDC00F35E1B = {
						CreatedOnToolsVersion = 16.2;
					};
					ABA03EE52D0EECDE00F35E1B = {
						CreatedOnToolsVersion = 16.2;
						TestTargetID = ABA03ED32D0EECDC00F35E1B;
					};
					ABA03EEF2D0EECDE00F35E1B = {
						CreatedOnToolsVersion = 16.2;
						TestTargetID = ABA03ED32D0EECDC00F35E1B;
					};
				};
			};
			buildConfigurationList = ABA03ECF2D0EECDC00F35E1B /* Build configuration list for PBXProject "ConnectMe" */;
			developmentRegion = en;
			hasScannedForEncodings = 0;
			knownRegions = (
				en,
				Base,
			);
			mainGroup = ABA03ECB2D0EECDC00F35E1B;
			minimizedProjectReferenceProxies = 1;
			packageReferences = (
				ABA03F602D1008BC00F35E1B /* XCRemoteSwiftPackageReference "firebase-ios-sdk" */,
			);
			preferredProjectObjectVersion = 77;
			productRefGroup = ABA03ED52D0EECDC00F35E1B /* Products */;
			projectDirPath = "";
			projectRoot = "";
			targets = (
				ABA03ED32D0EECDC00F35E1B /* ConnectMe */,
				ABA03EE52D0EECDE00F35E1B /* ConnectMeTests */,
				ABA03EEF2D0EECDE00F35E1B /* ConnectMeUITests */,
			);
		};
/* End PBXProject section */

/* Begin PBXResourcesBuildPhase section */
		ABA03ED22D0EECDC00F35E1B /* Resources */ = {
			isa = PBXResourcesBuildPhase;
			buildActionMask = 2147483647;
			files = (
			);
			runOnlyForDeploymentPostprocessing = 0;
		};
		ABA03EE42D0EECDE00F35E1B /* Resources */ = {
			isa = PBXResourcesBuildPhase;
			buildActionMask = 2147483647;
			files = (
			);
			runOnlyForDeploymentPostprocessing = 0;
		};
		ABA03EEE2D0EECDE00F35E1B /* Resources */ = {
			isa = PBXResourcesBuildPhase;
			buildActionMask = 2147483647;
			files = (
			);
			runOnlyForDeploymentPostprocessing = 0;
		};
/* End PBXResourcesBuildPhase section */

/* Begin PBXSourcesBuildPhase section */
		ABA03ED02D0EECDC00F35E1B /* Sources */ = {
			isa = PBXSourcesBuildPhase;
			buildActionMask = 2147483647;
			files = (
			);
			runOnlyForDeploymentPostprocessing = 0;
		};
		ABA03EE22D0EECDE00F35E1B /* Sources */ = {
			isa = PBXSourcesBuildPhase;
			buildActionMask = 2147483647;
			files = (
			);
			runOnlyForDeploymentPostprocessing = 0;
		};
		ABA03EEC2D0EECDE00F35E1B /* Sources */ = {
			isa = PBXSourcesBuildPhase;
			buildActionMask = 2147483647;
			files = (
			);
			runOnlyForDeploymentPostprocessing = 0;
		};
/* End PBXSourcesBuildPhase section */

/* Begin PBXTargetDependency section */
		ABA03EE82D0EECDE00F35E1B /* PBXTargetDependency */ = {
			isa = PBXTargetDependency;
			target = ABA03ED32D0EECDC00F35E1B /* ConnectMe */;
			targetProxy = ABA03EE72D0EECDE00F35E1B /* PBXContainerItemProxy */;
		};
		ABA03EF22D0EECDE00F35E1B /* PBXTargetDependency */ = {
			isa = PBXTargetDependency;
			target = ABA03ED32D0EECDC00F35E1B /* ConnectMe */;
			targetProxy = ABA03EF12D0EECDE00F35E1B /* PBXContainerItemProxy */;
		};
/* End PBXTargetDependency section */

/* Begin XCBuildConfiguration section */
		ABA03EF82D0EECDE00F35E1B /* Debug */ = {
			isa = XCBuildConfiguration;
			buildSettings = {
				ALWAYS_SEARCH_USER_PATHS = NO;
				ASSETCATALOG_COMPILER_GENERATE_SWIFT_ASSET_SYMBOL_EXTENSIONS = YES;
				CLANG_ANALYZER_NONNULL = YES;
				CLANG_ANALYZER_NUMBER_OBJECT_CONVERSION = YES_AGGRESSIVE;
				CLANG_CXX_LANGUAGE_STANDARD = "gnu++20";
				CLANG_ENABLE_MODULES = YES;
				CLANG_ENABLE_OBJC_ARC = YES;
				CLANG_ENABLE_OBJC_WEAK = YES;
				CLANG_WARN_BLOCK_CAPTURE_AUTORELEASING = YES;
				CLANG_WARN_BOOL_CONVERSION = YES;
				CLANG_WARN_COMMA = YES;
				CLANG_WARN_CONSTANT_CONVERSION = YES;
				CLANG_WARN_DEPRECATED_OBJC_IMPLEMENTATIONS = YES;
				CLANG_WARN_DIRECT_OBJC_ISA_USAGE = YES_ERROR;
				CLANG_WARN_DOCUMENTATION_COMMENTS = YES;
				CLANG_WARN_EMPTY_BODY = YES;
				CLANG_WARN_ENUM_CONVERSION = YES;
				CLANG_WARN_INFINITE_RECURSION = YES;
				CLANG_WARN_INT_CONVERSION = YES;
				CLANG_WARN_NON_LITERAL_NULL_CONVERSION = YES;
				CLANG_WARN_OBJC_IMPLICIT_RETAIN_SELF = YES;
				CLANG_WARN_OBJC_LITERAL_CONVERSION = YES;
				CLANG_WARN_OBJC_ROOT_CLASS = YES_ERROR;
				CLANG_WARN_QUOTED_INCLUDE_IN_FRAMEWORK_HEADER = YES;
				CLANG_WARN_RANGE_LOOP_ANALYSIS = YES;
				CLANG_WARN_STRICT_PROTOTYPES = YES;
				CLANG_WARN_SUSPICIOUS_MOVE = YES;
				CLANG_WARN_UNGUARDED_AVAILABILITY = YES_AGGRESSIVE;
				CLANG_WARN_UNREACHABLE_CODE = YES;
				CLANG_WARN__DUPLICATE_METHOD_MATCH = YES;
				COPY_PHASE_STRIP = NO;
				DEBUG_INFORMATION_FORMAT = dwarf;
				ENABLE_STRICT_OBJC_MSGSEND = YES;
				ENABLE_TESTABILITY = YES;
				ENABLE_USER_SCRIPT_SANDBOXING = YES;
				GCC_C_LANGUAGE_STANDARD = gnu17;
				GCC_DYNAMIC_NO_PIC = NO;
				GCC_NO_COMMON_BLOCKS = YES;
				GCC_OPTIMIZATION_LEVEL = 0;
				GCC_PREPROCESSOR_DEFINITIONS = (
					"DEBUG=1",
					"$(inherited)",
				);
				GCC_WARN_64_TO_32_BIT_CONVERSION = YES;
				GCC_WARN_ABOUT_RETURN_TYPE = YES_ERROR;
				GCC_WARN_UNDECLARED_SELECTOR = YES;
				GCC_WARN_UNINITIALIZED_AUTOS = YES_AGGRESSIVE;
				GCC_WARN_UNUSED_FUNCTION = YES;
				GCC_WARN_UNUSED_VARIABLE = YES;
				IPHONEOS_DEPLOYMENT_TARGET = 18.2;
				LOCALIZATION_PREFERS_STRING_CATALOGS = YES;
				MTL_ENABLE_DEBUG_INFO = INCLUDE_SOURCE;
				MTL_FAST_MATH = YES;
				ONLY_ACTIVE_ARCH = YES;
				SDKROOT = iphoneos;
				SWIFT_ACTIVE_COMPILATION_CONDITIONS = "DEBUG $(inherited)";
				SWIFT_OPTIMIZATION_LEVEL = "-Onone";
			};
			name = Debug;
		};
		ABA03EF92D0EECDE00F35E1B /* Release */ = {
			isa = XCBuildConfiguration;
			buildSettings = {
				ALWAYS_SEARCH_USER_PATHS = NO;
				ASSETCATALOG_COMPILER_GENERATE_SWIFT_ASSET_SYMBOL_EXTENSIONS = YES;
				CLANG_ANALYZER_NONNULL = YES;
				CLANG_ANALYZER_NUMBER_OBJECT_CONVERSION = YES_AGGRESSIVE;
				CLANG_CXX_LANGUAGE_STANDARD = "gnu++20";
				CLANG_ENABLE_MODULES = YES;
				CLANG_ENABLE_OBJC_ARC = YES;
				CLANG_ENABLE_OBJC_WEAK = YES;
				CLANG_WARN_BLOCK_CAPTURE_AUTORELEASING = YES;
				CLANG_WARN_BOOL_CONVERSION = YES;
				CLANG_WARN_COMMA = YES;
				CLANG_WARN_CONSTANT_CONVERSION = YES;
				CLANG_WARN_DEPRECATED_OBJC_IMPLEMENTATIONS = YES;
				CLANG_WARN_DIRECT_OBJC_ISA_USAGE = YES_ERROR;
				CLANG_WARN_DOCUMENTATION_COMMENTS = YES;
				CLANG_WARN_EMPTY_BODY = YES;
				CLANG_WARN_ENUM_CONVERSION = YES;
				CLANG_WARN_INFINITE_RECURSION = YES;
				CLANG_WARN_INT_CONVERSION = YES;
				CLANG_WARN_NON_LITERAL_NULL_CONVERSION = YES;
				CLANG_WARN_OBJC_IMPLICIT_RETAIN_SELF = YES;
				CLANG_WARN_OBJC_LITERAL_CONVERSION = YES;
				CLANG_WARN_OBJC_ROOT_CLASS = YES_ERROR;
				CLANG_WARN_QUOTED_INCLUDE_IN_FRAMEWORK_HEADER = YES;
				CLANG_WARN_RANGE_LOOP_ANALYSIS = YES;
				CLANG_WARN_STRICT_PROTOTYPES = YES;
				CLANG_WARN_SUSPICIOUS_MOVE = YES;
				CLANG_WARN_UNGUARDED_AVAILABILITY = YES_AGGRESSIVE;
				CLANG_WARN_UNREACHABLE_CODE = YES;
				CLANG_WARN__DUPLICATE_METHOD_MATCH = YES;
				COPY_PHASE_STRIP = NO;
				DEBUG_INFORMATION_FORMAT = "dwarf-with-dsym";
				ENABLE_NS_ASSERTIONS = NO;
				ENABLE_STRICT_OBJC_MSGSEND = YES;
				ENABLE_USER_SCRIPT_SANDBOXING = YES;
				GCC_C_LANGUAGE_STANDARD = gnu17;
				GCC_NO_COMMON_BLOCKS = YES;
				GCC_WARN_64_TO_32_BIT_CONVERSION = YES;
				GCC_WARN_ABOUT_RETURN_TYPE = YES_ERROR;
				GCC_WARN_UNDECLARED_SELECTOR = YES;
				GCC_WARN_UNINITIALIZED_AUTOS = YES_AGGRESSIVE;
				GCC_WARN_UNUSED_FUNCTION = YES;
				GCC_WARN_UNUSED_VARIABLE = YES;
				IPHONEOS_DEPLOYMENT_TARGET = 18.2;
				LOCALIZATION_PREFERS_STRING_CATALOGS = YES;
				MTL_ENABLE_DEBUG_INFO = NO;
				MTL_FAST_MATH = YES;
				SDKROOT = iphoneos;
				SWIFT_COMPILATION_MODE = wholemodule;
				VALIDATE_PRODUCT = YES;
			};
			name = Release;
		};
		ABA03EFB2D0EECDE00F35E1B /* Debug */ = {
			isa = XCBuildConfiguration;
			buildSettings = {
				ASSETCATALOG_COMPILER_APPICON_NAME = AppIcon;
				ASSETCATALOG_COMPILER_GLOBAL_ACCENT_COLOR_NAME = AccentColor;
				CODE_SIGN_STYLE = Automatic;
				CURRENT_PROJECT_VERSION = 1;
				DEVELOPMENT_ASSET_PATHS = "\"ConnectMe/Preview Content\"";
				ENABLE_PREVIEWS = YES;
				GENERATE_INFOPLIST_FILE = YES;
				INFOPLIST_KEY_UIApplicationSceneManifest_Generation = YES;
				INFOPLIST_KEY_UIApplicationSupportsIndirectInputEvents = YES;
				INFOPLIST_KEY_UILaunchScreen_Generation = YES;
				INFOPLIST_KEY_UISupportedInterfaceOrientations_iPad = "UIInterfaceOrientationPortrait UIInterfaceOrientationPortraitUpsideDown UIInterfaceOrientationLandscapeLeft UIInterfaceOrientationLandscapeRight";
				INFOPLIST_KEY_UISupportedInterfaceOrientations_iPhone = "UIInterfaceOrientationPortrait UIInterfaceOrientationLandscapeLeft UIInterfaceOrientationLandscapeRight";
				LD_RUNPATH_SEARCH_PATHS = (
					"$(inherited)",
					"@executable_path/Frameworks",
				);
				MARKETING_VERSION = 1.0;
				PRODUCT_BUNDLE_IDENTIFIER = com.yogeshrathore.ConnectMe;
				PRODUCT_NAME = "$(TARGET_NAME)";
				SWIFT_EMIT_LOC_STRINGS = YES;
				SWIFT_VERSION = 5.0;
				TARGETED_DEVICE_FAMILY = "1,2";
			};
			name = Debug;
		};
		ABA03EFC2D0EECDE00F35E1B /* Release */ = {
			isa = XCBuildConfiguration;
			buildSettings = {
				ASSETCATALOG_COMPILER_APPICON_NAME = AppIcon;
				ASSETCATALOG_COMPILER_GLOBAL_ACCENT_COLOR_NAME = AccentColor;
				CODE_SIGN_STYLE = Automatic;
				CURRENT_PROJECT_VERSION = 1;
				DEVELOPMENT_ASSET_PATHS = "\"ConnectMe/Preview Content\"";
				ENABLE_PREVIEWS = YES;
				GENERATE_INFOPLIST_FILE = YES;
				INFOPLIST_KEY_UIApplicationSceneManifest_Generation = YES;
				INFOPLIST_KEY_UIApplicationSupportsIndirectInputEvents = YES;
				INFOPLIST_KEY_UILaunchScreen_Generation = YES;
				INFOPLIST_KEY_UISupportedInterfaceOrientations_iPad = "UIInterfaceOrientationPortrait UIInterfaceOrientationPortraitUpsideDown UIInterfaceOrientationLandscapeLeft UIInterfaceOrientationLandscapeRight";
				INFOPLIST_KEY_UISupportedInterfaceOrientations_iPhone = "UIInterfaceOrientationPortrait UIInterfaceOrientationLandscapeLeft UIInterfaceOrientationLandscapeRight";
				LD_RUNPATH_SEARCH_PATHS = (
					"$(inherited)",
					"@executable_path/Frameworks",
				);
				MARKETING_VERSION = 1.0;
				PRODUCT_BUNDLE_IDENTIFIER = com.yogeshrathore.ConnectMe;
				PRODUCT_NAME = "$(TARGET_NAME)";
				SWIFT_EMIT_LOC_STRINGS = YES;
				SWIFT_VERSION = 5.0;
				TARGETED_DEVICE_FAMILY = "1,2";
			};
			name = Release;
		};
		ABA03EFE2D0EECDE00F35E1B /* Debug */ = {
			isa = XCBuildConfiguration;
			buildSettings = {
				BUNDLE_LOADER = "$(TEST_HOST)";
				CODE_SIGN_STYLE = Automatic;
				CURRENT_PROJECT_VERSION = 1;
				GENERATE_INFOPLIST_FILE = YES;
				IPHONEOS_DEPLOYMENT_TARGET = 18.2;
				MARKETING_VERSION = 1.0;
				PRODUCT_BUNDLE_IDENTIFIER = com.yogeshrathore.ConnectMeTests;
				PRODUCT_NAME = "$(TARGET_NAME)";
				SWIFT_EMIT_LOC_STRINGS = NO;
				SWIFT_VERSION = 5.0;
				TARGETED_DEVICE_FAMILY = "1,2";
				TEST_HOST = "$(BUILT_PRODUCTS_DIR)/ConnectMe.app/$(BUNDLE_EXECUTABLE_FOLDER_PATH)/ConnectMe";
			};
			name = Debug;
		};
		ABA03EFF2D0EECDE00F35E1B /* Release */ = {
			isa = XCBuildConfiguration;
			buildSettings = {
				BUNDLE_LOADER = "$(TEST_HOST)";
				CODE_SIGN_STYLE = Automatic;
				CURRENT_PROJECT_VERSION = 1;
				GENERATE_INFOPLIST_FILE = YES;
				IPHONEOS_DEPLOYMENT_TARGET = 18.2;
				MARKETING_VERSION = 1.0;
				PRODUCT_BUNDLE_IDENTIFIER = com.yogeshrathore.ConnectMeTests;
				PRODUCT_NAME = "$(TARGET_NAME)";
				SWIFT_EMIT_LOC_STRINGS = NO;
				SWIFT_VERSION = 5.0;
				TARGETED_DEVICE_FAMILY = "1,2";
				TEST_HOST = "$(BUILT_PRODUCTS_DIR)/ConnectMe.app/$(BUNDLE_EXECUTABLE_FOLDER_PATH)/ConnectMe";
			};
			name = Release;
		};
		ABA03F012D0EECDE00F35E1B /* Debug */ = {
			isa = XCBuildConfiguration;
			buildSettings = {
				CODE_SIGN_STYLE = Automatic;
				CURRENT_PROJECT_VERSION = 1;
				GENERATE_INFOPLIST_FILE = YES;
				MARKETING_VERSION = 1.0;
				PRODUCT_BUNDLE_IDENTIFIER = com.yogeshrathore.ConnectMeUITests;
				PRODUCT_NAME = "$(TARGET_NAME)";
				SWIFT_EMIT_LOC_STRINGS = NO;
				SWIFT_VERSION = 5.0;
				TARGETED_DEVICE_FAMILY = "1,2";
				TEST_TARGET_NAME = ConnectMe;
			};
			name = Debug;
		};
		ABA03F022D0EECDE00F35E1B /* Release */ = {
			isa = XCBuildConfiguration;
			buildSettings = {
				CODE_SIGN_STYLE = Automatic;
				CURRENT_PROJECT_VERSION = 1;
				GENERATE_INFOPLIST_FILE = YES;
				MARKETING_VERSION = 1.0;
				PRODUCT_BUNDLE_IDENTIFIER = com.yogeshrathore.ConnectMeUITests;
				PRODUCT_NAME = "$(TARGET_NAME)";
				SWIFT_EMIT_LOC_STRINGS = NO;
				SWIFT_VERSION = 5.0;
				TARGETED_DEVICE_FAMILY = "1,2";
				TEST_TARGET_NAME = ConnectMe;
			};
			name = Release;
		};
/* End XCBuildConfiguration section */

/* Begin XCConfigurationList section */
		ABA03ECF2D0EECDC00F35E1B /* Build configuration list for PBXProject "ConnectMe" */ = {
			isa = XCConfigurationList;
			buildConfigurations = (
				ABA03EF82D0EECDE00F35E1B /* Debug */,
				ABA03EF92D0EECDE00F35E1B /* Release */,
			);
			defaultConfigurationIsVisible = 0;
			defaultConfigurationName = Release;
		};
		ABA03EFA2D0EECDE00F35E1B /* Build configuration list for PBXNativeTarget "ConnectMe" */ = {
			isa = XCConfigurationList;
			buildConfigurations = (
				ABA03EFB2D0EECDE00F35E1B /* Debug */,
				ABA03EFC2D0EECDE00F35E1B /* Release */,
			);
			defaultConfigurationIsVisible = 0;
			defaultConfigurationName = Release;
		};
		ABA03EFD2D0EECDE00F35E1B /* Build configuration list for PBXNativeTarget "ConnectMeTests" */ = {
			isa = XCConfigurationList;
			buildConfigurations = (
				ABA03EFE2D0EECDE00F35E1B /* Debug */,
				ABA03EFF2D0EECDE00F35E1B /* Release */,
			);
			defaultConfigurationIsVisible = 0;
			defaultConfigurationName = Release;
		};
		ABA03F002D0EECDE00F35E1B /* Build configuration list for PBXNativeTarget "ConnectMeUITests" */ = {
			isa = XCConfigurationList;
			buildConfigurations = (
				ABA03F012D0EECDE00F35E1B /* Debug */,
				ABA03F022D0EECDE00F35E1B /* Release */,
			);
			defaultConfigurationIsVisible = 0;
			defaultConfigurationName = Release;
		};
/* End XCConfigurationList section */

/* Begin XCRemoteSwiftPackageReference section */
		ABA03F602D1008BC00F35E1B /* XCRemoteSwiftPackageReference "firebase-ios-sdk" */ = {
			isa = XCRemoteSwiftPackageReference;
			repositoryURL = "https://github.com/firebase/firebase-ios-sdk";
			requirement = {
				kind = upToNextMajorVersion;
				minimumVersion = 11.6.0;
			};
		};
/* End XCRemoteSwiftPackageReference section */

/* Begin XCSwiftPackageProductDependency section */
		ABA03F612D1008BC00F35E1B /* FirebaseAuth */ = {
			isa = XCSwiftPackageProductDependency;
			package = ABA03F602D1008BC00F35E1B /* XCRemoteSwiftPackageReference "firebase-ios-sdk" */;
			productName = FirebaseAuth;
		};
		ABA03F632D1008BC00F35E1B /* FirebaseFirestore */ = {
			isa = XCSwiftPackageProductDependency;
			package = ABA03F602D1008BC00F35E1B /* XCRemoteSwiftPackageReference "firebase-ios-sdk" */;
			productName = FirebaseFirestore;
		};
		ABA03F652D1008BC00F35E1B /* FirebaseStorage */ = {
			isa = XCSwiftPackageProductDependency;
			package = ABA03F602D1008BC00F35E1B /* XCRemoteSwiftPackageReference "firebase-ios-sdk" */;
			productName = FirebaseStorage;
		};
/* End XCSwiftPackageProductDependency section */
	};
	rootObject = ABA03ECC2D0EECDC00F35E1B /* Project object */;
}
